
Microsoft Visual Studio Solution File, Format Version 12.00
# Visual Studio Version 16
VisualStudioVersion = 16.0.29905.134
MinimumVisualStudioVersion = 10.0.40219.1
Project("{9A19103F-16F7-4668-BE54-9A1E7A4F7556}") = "HCILab.Website", "HCILab.Website\HCILab.Website.csproj", "{F63F8E30-6CC2-4E3D-ACB2-570FEFD3CA04}"
EndProject
Project("{9A19103F-16F7-4668-BE54-9A1E7A4F7556}") = "HCILab.Services", "HCILab.Services\HCILab.Services.csproj", "{EBEEFFFD-1D97-4415-9EE7-A6D08EEB214C}"
EndProject
Project("{9A19103F-16F7-4668-BE54-9A1E7A4F7556}") = "HCILab.Projects", "HCILab.Projects\HCILab.Projects.csproj", "{9E7023D2-ACBF-47C0-8D2E-F6FA12F89881}"
EndProject
Project("{9A19103F-16F7-4668-BE54-9A1E7A4F7556}") = "HCILab.Researchers", "HCILab.Researchers\HCILab.Researchers.csproj", "{837D81CA-2808-4150-B16A-A1D8C5D01AFB}"
EndProject
Project("{FAE04EC0-301F-11D3-BF4B-00C04F79EFBC}") = "HCILab.Interface", "HCILab.Interface\HCILab.Interface.csproj", "{3DAB0DF4-7592-4ED4-8F4F-AF921C8ED5C6}"
EndProject
Global
	GlobalSection(SolutionConfigurationPlatforms) = preSolution
		Debug|Any CPU = Debug|Any CPU
		Release|Any CPU = Release|Any CPU
	EndGlobalSection
	GlobalSection(ProjectConfigurationPlatforms) = postSolution
		{F63F8E30-6CC2-4E3D-ACB2-570FEFD3CA04}.Debug|Any CPU.ActiveCfg = Debug|Any CPU
		{F63F8E30-6CC2-4E3D-ACB2-570FEFD3CA04}.Debug|Any CPU.Build.0 = Debug|Any CPU
		{F63F8E30-6CC2-4E3D-ACB2-570FEFD3CA04}.Release|Any CPU.ActiveCfg = Release|Any CPU
		{F63F8E30-6CC2-4E3D-ACB2-570FEFD3CA04}.Release|Any CPU.Build.0 = Release|Any CPU
		{EBEEFFFD-1D97-4415-9EE7-A6D08EEB214C}.Debug|Any CPU.ActiveCfg = Debug|Any CPU
		{EBEEFFFD-1D97-4415-9EE7-A6D08EEB214C}.Debug|Any CPU.Build.0 = Debug|Any CPU
		{EBEEFFFD-1D97-4415-9EE7-A6D08EEB214C}.Release|Any CPU.ActiveCfg = Release|Any CPU
		{EBEEFFFD-1D97-4415-9EE7-A6D08EEB214C}.Release|Any CPU.Build.0 = Release|Any CPU
		{9E7023D2-ACBF-47C0-8D2E-F6FA12F89881}.Debug|Any CPU.ActiveCfg = Debug|Any CPU
		{9E7023D2-ACBF-47C0-8D2E-F6FA12F89881}.Debug|Any CPU.Build.0 = Debug|Any CPU
		{9E7023D2-ACBF-47C0-8D2E-F6FA12F89881}.Release|Any CPU.ActiveCfg = Release|Any CPU
		{9E7023D2-ACBF-47C0-8D2E-F6FA12F89881}.Release|Any CPU.Build.0 = Release|Any CPU
		{837D81CA-2808-4150-B16A-A1D8C5D01AFB}.Debug|Any CPU.ActiveCfg = Debug|Any CPU
		{837D81CA-2808-4150-B16A-A1D8C5D01AFB}.Debug|Any CPU.Build.0 = Debug|Any CPU
		{837D81CA-2808-4150-B16A-A1D8C5D01AFB}.Release|Any CPU.ActiveCfg = Release|Any CPU
		{837D81CA-2808-4150-B16A-A1D8C5D01AFB}.Release|Any CPU.Build.0 = Release|Any CPU
		{3DAB0DF4-7592-4ED4-8F4F-AF921C8ED5C6}.Debug|Any CPU.ActiveCfg = Debug|Any CPU
		{3DAB0DF4-7592-4ED4-8F4F-AF921C8ED5C6}.Debug|Any CPU.Build.0 = Debug|Any CPU
		{3DAB0DF4-7592-4ED4-8F4F-AF921C8ED5C6}.Release|Any CPU.ActiveCfg = Release|Any CPU
		{3DAB0DF4-7592-4ED4-8F4F-AF921C8ED5C6}.Release|Any CPU.Build.0 = Release|Any CPU
	EndGlobalSection
	GlobalSection(SolutionProperties) = preSolution
		HideSolutionNode = FALSE
	EndGlobalSection
	GlobalSection(ExtensibilityGlobals) = postSolution
		SolutionGuid = {BB7BD79D-AB0E-436B-A8F5-21549E55D758}
	EndGlobalSection
EndGlobal
